// !$*UTF8*$!
{
	archiveVersion = 1;
	classes = {
	};
	objectVersion = 48;
	objects = {

/* Begin PBXBuildFile section */
		E7D978DB21494B6A00A9BDB8 /* AppDelegate.swift in Sources */ = {isa = PBXBuildFile; fileRef = E7D978DA21494B6A00A9BDB8 /* AppDelegate.swift */; };
		E7D978DD21494B6A00A9BDB8 /* ViewController.swift in Sources */ = {isa = PBXBuildFile; fileRef = E7D978DC21494B6A00A9BDB8 /* ViewController.swift */; };
		E7D978E021494B6A00A9BDB8 /* Main.storyboard in Resources */ = {isa = PBXBuildFile; fileRef = E7D978DE21494B6A00A9BDB8 /* Main.storyboard */; };
		E7D978E221494B6A00A9BDB8 /* Assets.xcassets in Resources */ = {isa = PBXBuildFile; fileRef = E7D978E121494B6A00A9BDB8 /* Assets.xcassets */; };
		E7D978E521494B6A00A9BDB8 /* LaunchScreen.storyboard in Resources */ = {isa = PBXBuildFile; fileRef = E7D978E321494B6A00A9BDB8 /* LaunchScreen.storyboard */; };
/* End PBXBuildFile section */

/* Begin PBXFileReference section */
		E7D978D721494B6A00A9BDB8 /* SildeMenu.app */ = {isa = PBXFileReference; explicitFileType = wrapper.application; includeInIndex = 0; path = SildeMenu.app; sourceTree = BUILT_PRODUCTS_DIR; };
		E7D978DA21494B6A00A9BDB8 /* AppDelegate.swift */ = {isa = PBXFileReference; lastKnownFileType = sourcecode.swift; path = AppDelegate.swift; sourceTree = "<group>"; };
		E7D978DC21494B6A00A9BDB8 /* ViewController.swift */ = {isa = PBXFileReference; lastKnownFileType = sourcecode.swift; path = ViewController.swift; sourceTree = "<group>"; };
		E7D978DF21494B6A00A9BDB8 /* Base */ = {isa = PBXFileReference; lastKnownFileType = file.storyboard; name = Base; path = Base.lproj/Main.storyboard; sourceTree = "<group>"; };
		E7D978E121494B6A00A9BDB8 /* Assets.xcassets */ = {isa = PBXFileReference; lastKnownFileType = folder.assetcatalog; path = Assets.xcassets; sourceTree = "<group>"; };
		E7D978E421494B6A00A9BDB8 /* Base */ = {isa = PBXFileReference; lastKnownFileType = file.storyboard; name = Base; path = Base.lproj/LaunchScreen.storyboard; sourceTree = "<group>"; };
		E7D978E621494B6A00A9BDB8 /* Info.plist */ = {isa = PBXFileReference; lastKnownFileType = text.plist.xml; path = Info.plist; sourceTree = "<group>"; };
/* End PBXFileReference section */

/* Begin PBXFrameworksBuildPhase section */
		E7D978D421494B6A00A9BDB8 /* Frameworks */ = {
			isa = PBXFrameworksBuildPhase;
			buildActionMask = 2147483647;
			files = (
			);
			runOnlyForDeploymentPostprocessing = 0;
		};
/* End PBXFrameworksBuildPhase section */

/* Begin PBXGroup section */
		E758B1DB219DB3AA00958F75 /* View */ = {
			isa = PBXGroup;
			children = (
				E7D978DC21494B6A00A9BDB8 /* ViewController.swift */,
			);
			path = View;
			sourceTree = "<group>";
		};
		E758B1DC219DB3C500958F75 /* Model */ = {
			isa = PBXGroup;
			children = (
			);
			path = Model;
			sourceTree = "<group>";
		};
		E758B1DD219DB3CE00958F75 /* Controller */ = {
			isa = PBXGroup;
			children = (
			);
			path = Controller;
			sourceTree = "<group>";
		};
		E7D978CE21494B6A00A9BDB8 = {
			isa = PBXGroup;
			children = (
				E7D978D921494B6A00A9BDB8 /* SildeMenu */,
				E7D978D821494B6A00A9BDB8 /* Products */,
			);
			sourceTree = "<group>";
		};
		E7D978D821494B6A00A9BDB8 /* Products */ = {
			isa = PBXGroup;
			children = (
				E7D978D721494B6A00A9BDB8 /* SildeMenu.app */,
			);
			name = Products;
			sourceTree = "<group>";
		};
		E7D978D921494B6A00A9BDB8 /* SildeMenu */ = {
			isa = PBXGroup;
			children = (
				E758B1DD219DB3CE00958F75 /* Controller */,
				E758B1DC219DB3C500958F75 /* Model */,
				E758B1DB219DB3AA00958F75 /* View */,
				E7D978DA21494B6A00A9BDB8 /* AppDelegate.swift */,
				E7D978DE21494B6A00A9BDB8 /* Main.storyboard */,
				E7D978E121494B6A00A9BDB8 /* Assets.xcassets */,
				E7D978E321494B6A00A9BDB8 /* LaunchScreen.storyboard */,
				E7D978E621494B6A00A9BDB8 /* Info.plist */,
			);
			path = SildeMenu;
			sourceTree = "<group>";
		};
/* End PBXGroup section */

/* Begin PBXNativeTarget section */
		E7D978D621494B6A00A9BDB8 /* SildeMenu */ = {
			isa = PBXNativeTarget;
			buildConfigurationList = E7D978E921494B6A00A9BDB8 /* Build configuration list for PBXNativeTarget "SildeMenu" */;
			buildPhases = (
				E7D978D321494B6A00A9BDB8 /* Sources */,
				E7D978D421494B6A00A9BDB8 /* Frameworks */,
				E7D978D521494B6A00A9BDB8 /* Resources */,
			);
			buildRules = (
			);
			dependencies = (
			);
			name = SildeMenu;
			productName = SildeMenu;
			productReference = E7D978D721494B6A00A9BDB8 /* SildeMenu.app */;
			productType = "com.apple.product-type.application";
		};
/* End PBXNativeTarget section */

/* Begin PBXProject section */
		E7D978CF21494B6A00A9BDB8 /* Project object */ = {
			isa = PBXProject;
			attributes = {
				LastSwiftUpdateCheck = 0920;
				LastUpgradeCheck = 0920;
				ORGANIZATIONNAME = NguyenHoangSon;
				TargetAttributes = {
					E7D978D621494B6A00A9BDB8 = {
						CreatedOnToolsVersion = 9.2;
						ProvisioningStyle = Automatic;
					};
				};
			};
			buildConfigurationList = E7D978D221494B6A00A9BDB8 /* Build configuration list for PBXProject "SildeMenu" */;
			compatibilityVersion = "Xcode 8.0";
			developmentRegion = en;
			hasScannedForEncodings = 0;
			knownRegions = (
				en,
				Base,
			);
			mainGroup = E7D978CE21494B6A00A9BDB8;
			productRefGroup = E7D978D821494B6A00A9BDB8 /* Products */;
			projectDirPath = "";
			projectRoot = "";
			targets = (
				E7D978D621494B6A00A9BDB8 /* SildeMenu */,
			);
		};
/* End PBXProject section */

/* Begin PBXResourcesBuildPhase section */
		E7D978D521494B6A00A9BDB8 /* Resources */ = {
			isa = PBXResourcesBuildPhase;
			buildActionMask = 2147483647;
			files = (
				E7D978E521494B6A00A9BDB8 /* LaunchScreen.storyboard in Resources */,
				E7D978E221494B6A00A9BDB8 /* Assets.xcassets in Resources */,
				E7D978E021494B6A00A9BDB8 /* Main.storyboard in Resources */,
			);
			runOnlyForDeploymentPostprocessing = 0;
		};
/* End PBXResourcesBuildPhase section */

/* Begin PBXSourcesBuildPhase section */
		E7D978D321494B6A00A9BDB8 /* Sources */ = {
			isa = PBXSourcesBuildPhase;
			buildActionMask = 2147483647;
			files = (
				E7D978DD21494B6A00A9BDB8 /* ViewController.swift in Sources */,
				E7D978DB21494B6A00A9BDB8 /* AppDelegate.swift in Sources */,
			);
			runOnlyForDeploymentPostprocessing = 0;
		};
/* End PBXSourcesBuildPhase section */

/* Begin PBXVariantGroup section */
		E7D978DE21494B6A00A9BDB8 /* Main.storyboard */ = {
			isa = PBXVariantGroup;
			children = (
				E7D978DF21494B6A00A9BDB8 /* Base */,
			);
			name = Main.storyboard;
			sourceTree = "<group>";
		};
		E7D978E321494B6A00A9BDB8 /* LaunchScreen.storyboard */ = {
			isa = PBXVariantGroup;
			children = (
				E7D978E421494B6A00A9BDB8 /* Base */,
			);
			name = LaunchScreen.storyboard;
			sourceTree = "<group>";
		};
/* End PBXVariantGroup section */

/* Begin XCBuildConfiguration section */
		E7D978E721494B6A00A9BDB8 /* Debug */ = {
			isa = XCBuildConfiguration;
			buildSettings = {
				ALWAYS_SEARCH_USER_PATHS = NO;
				CLANG_ANALYZER_NONNULL = YES;
				CLANG_ANALYZER_NUMBER_OBJECT_CONVERSION = YES_AGGRESSIVE;
				CLANG_CXX_LANGUAGE_STANDARD = "gnu++14";
				CLANG_CXX_LIBRARY = "libc++";
				CLANG_ENABLE_MODULES = YES;
				CLANG_ENABLE_OBJC_ARC = YES;
				CLANG_WARN_BLOCK_CAPTURE_AUTORELEASING = YES;
				CLANG_WARN_BOOL_CONVERSION = YES;
				CLANG_WARN_COMMA = YES;
				CLANG_WARN_CONSTANT_CONVERSION = YES;
				CLANG_WARN_DIRECT_OBJC_ISA_USAGE = YES_ERROR;
				CLANG_WARN_DOCUMENTATION_COMMENTS = YES;
				CLANG_WARN_EMPTY_BODY = YES;
				CLANG_WARN_ENUM_CONVERSION = YES;
				CLANG_WARN_INFINITE_RECURSION = YES;
				CLANG_WARN_INT_CONVERSION = YES;
				CLANG_WARN_NON_LITERAL_NULL_CONVERSION = YES;
				CLANG_WARN_OBJC_LITERAL_CONVERSION = YES;
				CLANG_WARN_OBJC_ROOT_CLASS = YES_ERROR;
				CLANG_WARN_RANGE_LOOP_ANALYSIS = YES;
				CLANG_WARN_STRICT_PROTOTYPES = YES;
				CLANG_WARN_SUSPICIOUS_MOVE = YES;
				CLANG_WARN_UNGUARDED_AVAILABILITY = YES_AGGRESSIVE;
				CLANG_WARN_UNREACHABLE_CODE = YES;
				CLANG_WARN__DUPLICATE_METHOD_MATCH = YES;
				CODE_SIGN_IDENTITY = "iPhone Developer";
				COPY_PHASE_STRIP = NO;
				DEBUG_INFORMATION_FORMAT = dwarf;
				ENABLE_STRICT_OBJC_MSGSEND = YES;
				ENABLE_TESTABILITY = YES;
				GCC_C_LANGUAGE_STANDARD = gnu11;
				GCC_DYNAMIC_NO_PIC = NO;
				GCC_NO_COMMON_BLOCKS = YES;
				GCC_OPTIMIZATION_LEVEL = 0;
				GCC_PREPROCESSOR_DEFINITIONS = (
					"DEBUG=1",
					"$(inherited)",
				);
				GCC_WARN_64_TO_32_BIT_CONVERSION = YES;
				GCC_WARN_ABOUT_RETURN_TYPE = YES_ERROR;
				GCC_WARN_UNDECLARED_SELECTOR = YES;
				GCC_WARN_UNINITIALIZED_AUTOS = YES_AGGRESSIVE;
				GCC_WARN_UNUSED_FUNCTION = YES;
				GCC_WARN_UNUSED_VARIABLE = YES;
				IPHONEOS_DEPLOYMENT_TARGET = 11.2;
				MTL_ENABLE_DEBUG_INFO = YES;
				ONLY_ACTIVE_ARCH = YES;
				SDKROOT = iphoneos;
				SWIFT_ACTIVE_COMPILATION_CONDITIONS = DEBUG;
				SWIFT_OPTIMIZATION_LEVEL = "-Onone";
			};
			name = Debug;
		};
		E7D978E821494B6A00A9BDB8 /* Release */ = {
			isa = XCBuildConfiguration;
			buildSettings = {
				ALWAYS_SEARCH_USER_PATHS = NO;
				CLANG_ANALYZER_NONNULL = YES;
				CLANG_ANALYZER_NUMBER_OBJECT_CONVERSION = YES_AGGRESSIVE;
				CLANG_CXX_LANGUAGE_STANDARD = "gnu++14";
				CLANG_CXX_LIBRARY = "libc++";
				CLANG_ENABLE_MODULES = YES;
				CLANG_ENABLE_OBJC_ARC = YES;
				CLANG_WARN_BLOCK_CAPTURE_AUTORELEASING = YES;
				CLANG_WARN_BOOL_CONVERSION = YES;
				CLANG_WARN_COMMA = YES;
				CLANG_WARN_CONSTANT_CONVERSION = YES;
				CLANG_WARN_DIRECT_OBJC_ISA_USAGE = YES_ERROR;
				CLANG_WARN_DOCUMENTATION_COMMENTS = YES;
				CLANG_WARN_EMPTY_BODY = YES;
				CLANG_WARN_ENUM_CONVERSION = YES;
				CLANG_WARN_INFINITE_RECURSION = YES;
				CLANG_WARN_INT_CONVERSION = YES;
				CLANG_WARN_NON_LITERAL_NULL_CONVERSION = YES;
				CLANG_WARN_OBJC_LITERAL_CONVERSION = YES;
				CLANG_WARN_OBJC_ROOT_CLASS = YES_ERROR;
				CLANG_WARN_RANGE_LOOP_ANALYSIS = YES;
				CLANG_WARN_STRICT_PROTOTYPES = YES;
				CLANG_WARN_SUSPICIOUS_MOVE = YES;
				CLANG_WARN_UNGUARDED_AVAILABILITY = YES_AGGRESSIVE;
				CLANG_WARN_UNREACHABLE_CODE = YES;
				CLANG_WARN__DUPLICATE_METHOD_MATCH = YES;
				CODE_SIGN_IDENTITY = "iPhone Developer";
				COPY_PHASE_STRIP = NO;
				DEBUG_INFORMATION_FORMAT = "dwarf-with-dsym";
				ENABLE_NS_ASSERTIONS = NO;
				ENABLE_STRICT_OBJC_MSGSEND = YES;
				GCC_C_LANGUAGE_STANDARD = gnu11;
				GCC_NO_COMMON_BLOCKS = YES;
				GCC_WARN_64_TO_32_BIT_CONVERSION = YES;
				GCC_WARN_ABOUT_RETURN_TYPE = YES_ERROR;
				GCC_WARN_UNDECLARED_SELECTOR = YES;
				GCC_WARN_UNINITIALIZED_AUTOS = YES_AGGRESSIVE;
				GCC_WARN_UNUSED_FUNCTION = YES;
				GCC_WARN_UNUSED_VARIABLE = YES;
				IPHONEOS_DEPLOYMENT_TARGET = 11.2;
				MTL_ENABLE_DEBUG_INFO = NO;
				SDKROOT = iphoneos;
				SWIFT_OPTIMIZATION_LEVEL = "-Owholemodule";
				VALIDATE_PRODUCT = YES;
			};
			name = Release;
		};
		E7D978EA21494B6A00A9BDB8 /* Debug */ = {
			isa = XCBuildConfiguration;
			buildSettings = {
				ASSETCATALOG_COMPILER_APPICON_NAME = AppIcon;
				CODE_SIGN_STYLE = Automatic;
				INFOPLIST_FILE = SildeMenu/Info.plist;
				LD_RUNPATH_SEARCH_PATHS = "$(inherited) @executable_path/Frameworks";
				PRODUCT_BUNDLE_IDENTIFIER = com.NguyenHoangSon.SildeMenu;
				PRODUCT_NAME = "$(TARGET_NAME)";
				SWIFT_VERSION = 4.0;
				TARGETED_DEVICE_FAMILY = "1,2";
			};
			name = Debug;
		};
		E7D978EB21494B6A00A9BDB8 /* Release */ = {
			isa = XCBuildConfiguration;
			buildSettings = {
				ASSETCATALOG_COMPILER_APPICON_NAME = AppIcon;
				CODE_SIGN_STYLE = Automatic;
				INFOPLIST_FILE = SildeMenu/Info.plist;
				LD_RUNPATH_SEARCH_PATHS = "$(inherited) @executable_path/Frameworks";
				PRODUCT_BUNDLE_IDENTIFIER = com.NguyenHoangSon.SildeMenu;
				PRODUCT_NAME = "$(TARGET_NAME)";
				SWIFT_VERSION = 4.0;
				TARGETED_DEVICE_FAMILY = "1,2";
			};
			name = Release;
		};
/* End XCBuildConfiguration section */

/* Begin XCConfigurationList section */
		E7D978D221494B6A00A9BDB8 /* Build configuration list for PBXProject "SildeMenu" */ = {
			isa = XCConfigurationList;
			buildConfigurations = (
				E7D978E721494B6A00A9BDB8 /* Debug */,
				E7D978E821494B6A00A9BDB8 /* Release */,
			);
			defaultConfigurationIsVisible = 0;
			defaultConfigurationName = Release;
		};
		E7D978E921494B6A00A9BDB8 /* Build configuration list for PBXNativeTarget "SildeMenu" */ = {
			isa = XCConfigurationList;
			buildConfigurations = (
				E7D978EA21494B6A00A9BDB8 /* Debug */,
				E7D978EB21494B6A00A9BDB8 /* Release */,
			);
			defaultConfigurationIsVisible = 0;
			defaultConfigurationName = Release;
		};
/* End XCConfigurationList section */
	};
	rootObject = E7D978CF21494B6A00A9BDB8 /* Project object */;
}
